
Microsoft Visual Studio Solution File, Format Version 12.00
Project("{FAE04EC0-301F-11D3-BF4B-00C04F79EFBC}") = "Norbert86", "Norbert86\Norbert86.csproj", "{FB42D353-42BB-43EF-B63B-7203B8293AA2}"
EndProject
Project("{FAE04EC0-301F-11D3-BF4B-00C04F79EFBC}") = "Norbert86.Test", "Norbert86.Test\Norbert86.Test.csproj", "{89096EA1-5B32-4B20-8D0E-9D88E98CD156}"
EndProject
Global
	GlobalSection(SolutionConfigurationPlatforms) = preSolution
		Debug|Any CPU = Debug|Any CPU
		Release|Any CPU = Release|Any CPU
	EndGlobalSection
	GlobalSection(ProjectConfigurationPlatforms) = postSolution
		{FB42D353-42BB-43EF-B63B-7203B8293AA2}.Debug|Any CPU.ActiveCfg = Debug|Any CPU
		{FB42D353-42BB-43EF-B63B-7203B8293AA2}.Debug|Any CPU.Build.0 = Debug|Any CPU
		{FB42D353-42BB-43EF-B63B-7203B8293AA2}.Release|Any CPU.ActiveCfg = Release|Any CPU
		{FB42D353-42BB-43EF-B63B-7203B8293AA2}.Release|Any CPU.Build.0 = Release|Any CPU
		{89096EA1-5B32-4B20-8D0E-9D88E98CD156}.Debug|Any CPU.ActiveCfg = Debug|Any CPU
		{89096EA1-5B32-4B20-8D0E-9D88E98CD156}.Debug|Any CPU.Build.0 = Debug|Any CPU
		{89096EA1-5B32-4B20-8D0E-9D88E98CD156}.Release|Any CPU.ActiveCfg = Release|Any CPU
		{89096EA1-5B32-4B20-8D0E-9D88E98CD156}.Release|Any CPU.Build.0 = Release|Any CPU
	EndGlobalSection
EndGlobal
